
Microsoft Visual Studio Solution File, Format Version 12.00
# Visual Studio Version 17
VisualStudioVersion = 17.1.32210.238
MinimumVisualStudioVersion = 10.0.40219.1
Project("{FAE04EC0-301F-11D3-BF4B-00C04F79EFBC}") = "lb5", "lb5.csproj", "{972E68BE-1DC2-4146-92CE-B0578B58F12B}"
EndProject
Global
	GlobalSection(SolutionConfigurationPlatforms) = preSolution
		Debug|Any CPU = Debug|Any CPU
		Release|Any CPU = Release|Any CPU
	EndGlobalSection
	GlobalSection(ProjectConfigurationPlatforms) = postSolution
		{972E68BE-1DC2-4146-92CE-B0578B58F12B}.Debug|Any CPU.ActiveCfg = Debug|Any CPU
		{972E68BE-1DC2-4146-92CE-B0578B58F12B}.Debug|Any CPU.Build.0 = Debug|Any CPU
		{972E68BE-1DC2-4146-92CE-B0578B58F12B}.Release|Any CPU.ActiveCfg = Release|Any CPU
		{972E68BE-1DC2-4146-92CE-B0578B58F12B}.Release|Any CPU.Build.0 = Release|Any CPU
	EndGlobalSection
	GlobalSection(SolutionProperties) = preSolution
		HideSolutionNode = FALSE
	EndGlobalSection
	GlobalSection(ExtensibilityGlobals) = postSolution
		SolutionGuid = {4D4EB381-17C2-4EF1-B36D-7C15B6AAFF6F}
	EndGlobalSection
EndGlobal
